
Microsoft Visual Studio Solution File, Format Version 12.00
# Visual Studio Version 17
VisualStudioVersion = 17.0.31903.59
MinimumVisualStudioVersion = 10.0.40219.1
Project("{FAE04EC0-301F-11D3-BF4B-00C04F79EFBC}") = "HealthCare.Appointments.Api", "HealthCare.Appointments.Api\HealthCare.Appointments.Api.csproj", "{12D34F45-3F1A-4879-A506-1019A187CEB5}"
EndProject
Project("{FAE04EC0-301F-11D3-BF4B-00C04F79EFBC}") = "HealthCare.SharedAssets", "HealthCare.SharedAssets\HealthCare.SharedAssets.csproj", "{4797387D-F316-4A24-987C-2AF4CEBBF623}"
EndProject
Project("{FAE04EC0-301F-11D3-BF4B-00C04F79EFBC}") = "HealthCare.Doctors.Api", "HealthCare.Doctors.Api\HealthCare.Doctors.Api.csproj", "{37183CE6-9D19-4A88-B804-4F2A322F309E}"
EndProject
Project("{FAE04EC0-301F-11D3-BF4B-00C04F79EFBC}") = "HealthCare.Documents.Api", "HealthCare.Documents.Api\HealthCare.Documents.Api.csproj", "{9799B8F1-6112-4B7F-8493-74755A24BDEB}"
EndProject
Global
	GlobalSection(SolutionConfigurationPlatforms) = preSolution
		Debug|Any CPU = Debug|Any CPU
		Release|Any CPU = Release|Any CPU
	EndGlobalSection
	GlobalSection(SolutionProperties) = preSolution
		HideSolutionNode = FALSE
	EndGlobalSection
	GlobalSection(ProjectConfigurationPlatforms) = postSolution
		{12D34F45-3F1A-4879-A506-1019A187CEB5}.Debug|Any CPU.ActiveCfg = Debug|Any CPU
		{12D34F45-3F1A-4879-A506-1019A187CEB5}.Debug|Any CPU.Build.0 = Debug|Any CPU
		{12D34F45-3F1A-4879-A506-1019A187CEB5}.Release|Any CPU.ActiveCfg = Release|Any CPU
		{12D34F45-3F1A-4879-A506-1019A187CEB5}.Release|Any CPU.Build.0 = Release|Any CPU
		{4797387D-F316-4A24-987C-2AF4CEBBF623}.Debug|Any CPU.ActiveCfg = Debug|Any CPU
		{4797387D-F316-4A24-987C-2AF4CEBBF623}.Debug|Any CPU.Build.0 = Debug|Any CPU
		{4797387D-F316-4A24-987C-2AF4CEBBF623}.Release|Any CPU.ActiveCfg = Release|Any CPU
		{4797387D-F316-4A24-987C-2AF4CEBBF623}.Release|Any CPU.Build.0 = Release|Any CPU
		{37183CE6-9D19-4A88-B804-4F2A322F309E}.Debug|Any CPU.ActiveCfg = Debug|Any CPU
		{37183CE6-9D19-4A88-B804-4F2A322F309E}.Debug|Any CPU.Build.0 = Debug|Any CPU
		{37183CE6-9D19-4A88-B804-4F2A322F309E}.Release|Any CPU.ActiveCfg = Release|Any CPU
		{37183CE6-9D19-4A88-B804-4F2A322F309E}.Release|Any CPU.Build.0 = Release|Any CPU
		{9799B8F1-6112-4B7F-8493-74755A24BDEB}.Debug|Any CPU.ActiveCfg = Debug|Any CPU
		{9799B8F1-6112-4B7F-8493-74755A24BDEB}.Debug|Any CPU.Build.0 = Debug|Any CPU
		{9799B8F1-6112-4B7F-8493-74755A24BDEB}.Release|Any CPU.ActiveCfg = Release|Any CPU
		{9799B8F1-6112-4B7F-8493-74755A24BDEB}.Release|Any CPU.Build.0 = Release|Any CPU
	EndGlobalSection
EndGlobal
